// !$*UTF8*$!
{
	archiveVersion = 1;
	classes = {
	};
	objectVersion = 77;
	objects = {

/* Begin PBXBuildFile section */
		4F4B18E72E3D610F00ADD5B4 /* AppClip.app in Embed App Clips */ = {isa = PBXBuildFile; fileRef = 4F4B18C52E3D610D00ADD5B4 /* AppClip.app */; settings = {ATTRIBUTES = (RemoveHeadersOnCopy, ); }; };
/* End PBXBuildFile section */

/* Begin PBXBuildRule section */
		4F7E7ACB2E3D19CD009073D6 /* PBXBuildRule */ = {
			isa = PBXBuildRule;
			compilerSpec = com.apple.compilers.proxy.script;
			fileType = folder.rkassets;
			inputFiles = (
			);
			isEditable = 1;
			outputFiles = (
			);
			script = "# realitytool\n";
		};
/* End PBXBuildRule section */

/* Begin PBXContainerItemProxy section */
		4F4B18D42E3D610F00ADD5B4 /* PBXContainerItemProxy */ = {
			isa = PBXContainerItemProxy;
			containerPortal = 4FA2058D2DA40CAF004C8CC4 /* Project object */;
			proxyType = 1;
			remoteGlobalIDString = 4F4B18C42E3D610D00ADD5B4;
			remoteInfo = AppClip;
		};
		4F4B18DE2E3D610F00ADD5B4 /* PBXContainerItemProxy */ = {
			isa = PBXContainerItemProxy;
			containerPortal = 4FA2058D2DA40CAF004C8CC4 /* Project object */;
			proxyType = 1;
			remoteGlobalIDString = 4F4B18C42E3D610D00ADD5B4;
			remoteInfo = AppClip;
		};
		4F4B18E52E3D610F00ADD5B4 /* PBXContainerItemProxy */ = {
			isa = PBXContainerItemProxy;
			containerPortal = 4FA2058D2DA40CAF004C8CC4 /* Project object */;
			proxyType = 1;
			remoteGlobalIDString = 4F4B18C42E3D610D00ADD5B4;
			remoteInfo = AppClip;
		};
		4FA205A62DA40CB1004C8CC4 /* PBXContainerItemProxy */ = {
			isa = PBXContainerItemProxy;
			containerPortal = 4FA2058D2DA40CAF004C8CC4 /* Project object */;
			proxyType = 1;
			remoteGlobalIDString = 4FA205942DA40CAF004C8CC4;
			remoteInfo = SITIENS;
		};
		4FA205B02DA40CB1004C8CC4 /* PBXContainerItemProxy */ = {
			isa = PBXContainerItemProxy;
			containerPortal = 4FA2058D2DA40CAF004C8CC4 /* Project object */;
			proxyType = 1;
			remoteGlobalIDString = 4FA205942DA40CAF004C8CC4;
			remoteInfo = SITIENS;
		};
/* End PBXContainerItemProxy section */

/* Begin PBXCopyFilesBuildPhase section */
		4F4B18E82E3D610F00ADD5B4 /* Embed App Clips */ = {
			isa = PBXCopyFilesBuildPhase;
			buildActionMask = 2147483647;
			dstPath = "$(CONTENTS_FOLDER_PATH)/AppClips";
			dstSubfolderSpec = 16;
			files = (
				4F4B18E72E3D610F00ADD5B4 /* AppClip.app in Embed App Clips */,
			);
			name = "Embed App Clips";
			runOnlyForDeploymentPostprocessing = 0;
		};
/* End PBXCopyFilesBuildPhase section */

/* Begin PBXFileReference section */
		4F4B18C52E3D610D00ADD5B4 /* AppClip.app */ = {isa = PBXFileReference; explicitFileType = wrapper.application; includeInIndex = 0; path = AppClip.app; sourceTree = BUILT_PRODUCTS_DIR; };
		4F4B18D32E3D610F00ADD5B4 /* AppClipTests.xctest */ = {isa = PBXFileReference; explicitFileType = wrapper.cfbundle; includeInIndex = 0; path = AppClipTests.xctest; sourceTree = BUILT_PRODUCTS_DIR; };
		4F4B18DD2E3D610F00ADD5B4 /* AppClipUITests.xctest */ = {isa = PBXFileReference; explicitFileType = wrapper.cfbundle; includeInIndex = 0; path = AppClipUITests.xctest; sourceTree = BUILT_PRODUCTS_DIR; };
		4FA205952DA40CAF004C8CC4 /* SITIENS.app */ = {isa = PBXFileReference; explicitFileType = wrapper.application; includeInIndex = 0; path = SITIENS.app; sourceTree = BUILT_PRODUCTS_DIR; };
		4FA205A52DA40CB1004C8CC4 /* SITIENSTests.xctest */ = {isa = PBXFileReference; explicitFileType = wrapper.cfbundle; includeInIndex = 0; path = SITIENSTests.xctest; sourceTree = BUILT_PRODUCTS_DIR; };
		4FA205AF2DA40CB1004C8CC4 /* SITIENSUITests.xctest */ = {isa = PBXFileReference; explicitFileType = wrapper.cfbundle; includeInIndex = 0; path = SITIENSUITests.xctest; sourceTree = BUILT_PRODUCTS_DIR; };
/* End PBXFileReference section */

/* Begin PBXFileSystemSynchronizedBuildFileExceptionSet section */
		4F0F14432DA8448900293227 /* Exceptions for "SITIENS" folder in "SITIENS" target */ = {
			isa = PBXFileSystemSynchronizedBuildFileExceptionSet;
			membershipExceptions = (
				Info.plist,
			);
			target = 4FA205942DA40CAF004C8CC4 /* SITIENS */;
		};
		4F4B18F02E3D610F00ADD5B4 /* Exceptions for "AppClip" folder in "AppClip" target */ = {
			isa = PBXFileSystemSynchronizedBuildFileExceptionSet;
			membershipExceptions = (
				Info.plist,
			);
			target = 4F4B18C42E3D610D00ADD5B4 /* AppClip */;
		};
/* End PBXFileSystemSynchronizedBuildFileExceptionSet section */

/* Begin PBXFileSystemSynchronizedRootGroup section */
		4F4B18C62E3D610D00ADD5B4 /* AppClip */ = {
			isa = PBXFileSystemSynchronizedRootGroup;
			exceptions = (
				4F4B18F02E3D610F00ADD5B4 /* Exceptions for "AppClip" folder in "AppClip" target */,
			);
			path = AppClip;
			sourceTree = "<group>";
		};
		4F4B18D62E3D610F00ADD5B4 /* AppClipTests */ = {
			isa = PBXFileSystemSynchronizedRootGroup;
			path = AppClipTests;
			sourceTree = "<group>";
		};
		4F4B18E02E3D610F00ADD5B4 /* AppClipUITests */ = {
			isa = PBXFileSystemSynchronizedRootGroup;
			path = AppClipUITests;
			sourceTree = "<group>";
		};
		4FA205972DA40CAF004C8CC4 /* SITIENS */ = {
			isa = PBXFileSystemSynchronizedRootGroup;
			exceptions = (
				4F0F14432DA8448900293227 /* Exceptions for "SITIENS" folder in "SITIENS" target */,
			);
			path = SITIENS;
			sourceTree = "<group>";
		};
		4FA205A82DA40CB1004C8CC4 /* SITIENSTests */ = {
			isa = PBXFileSystemSynchronizedRootGroup;
			path = SITIENSTests;
			sourceTree = "<group>";
		};
		4FA205B22DA40CB1004C8CC4 /* SITIENSUITests */ = {
			isa = PBXFileSystemSynchronizedRootGroup;
			path = SITIENSUITests;
			sourceTree = "<group>";
		};
/* End PBXFileSystemSynchronizedRootGroup section */

/* Begin PBXFrameworksBuildPhase section */
		4F4B18C22E3D610D00ADD5B4 /* Frameworks */ = {
			isa = PBXFrameworksBuildPhase;
			buildActionMask = 2147483647;
			files = (
			);
			runOnlyForDeploymentPostprocessing = 0;
		};
		4F4B18D02E3D610F00ADD5B4 /* Frameworks */ = {
			isa = PBXFrameworksBuildPhase;
			buildActionMask = 2147483647;
			files = (
			);
			runOnlyForDeploymentPostprocessing = 0;
		};
		4F4B18DA2E3D610F00ADD5B4 /* Frameworks */ = {
			isa = PBXFrameworksBuildPhase;
			buildActionMask = 2147483647;
			files = (
			);
			runOnlyForDeploymentPostprocessing = 0;
		};
		4FA205922DA40CAF004C8CC4 /* Frameworks */ = {
			isa = PBXFrameworksBuildPhase;
			buildActionMask = 2147483647;
			files = (
			);
			runOnlyForDeploymentPostprocessing = 0;
		};
		4FA205A22DA40CB1004C8CC4 /* Frameworks */ = {
			isa = PBXFrameworksBuildPhase;
			buildActionMask = 2147483647;
			files = (
			);
			runOnlyForDeploymentPostprocessing = 0;
		};
		4FA205AC2DA40CB1004C8CC4 /* Frameworks */ = {
			isa = PBXFrameworksBuildPhase;
			buildActionMask = 2147483647;
			files = (
			);
			runOnlyForDeploymentPostprocessing = 0;
		};
/* End PBXFrameworksBuildPhase section */

/* Begin PBXGroup section */
		4FA2058C2DA40CAF004C8CC4 = {
			isa = PBXGroup;
			children = (
				4FA205972DA40CAF004C8CC4 /* SITIENS */,
				4FA205A82DA40CB1004C8CC4 /* SITIENSTests */,
				4FA205B22DA40CB1004C8CC4 /* SITIENSUITests */,
				4F4B18C62E3D610D00ADD5B4 /* AppClip */,
				4F4B18D62E3D610F00ADD5B4 /* AppClipTests */,
				4F4B18E02E3D610F00ADD5B4 /* AppClipUITests */,
				4FA205962DA40CAF004C8CC4 /* Products */,
			);
			sourceTree = "<group>";
		};
		4FA205962DA40CAF004C8CC4 /* Products */ = {
			isa = PBXGroup;
			children = (
				4FA205952DA40CAF004C8CC4 /* SITIENS.app */,
				4FA205A52DA40CB1004C8CC4 /* SITIENSTests.xctest */,
				4FA205AF2DA40CB1004C8CC4 /* SITIENSUITests.xctest */,
				4F4B18C52E3D610D00ADD5B4 /* AppClip.app */,
				4F4B18D32E3D610F00ADD5B4 /* AppClipTests.xctest */,
				4F4B18DD2E3D610F00ADD5B4 /* AppClipUITests.xctest */,
			);
			name = Products;
			sourceTree = "<group>";
		};
/* End PBXGroup section */

/* Begin PBXNativeTarget section */
		4F4B18C42E3D610D00ADD5B4 /* AppClip */ = {
			isa = PBXNativeTarget;
			buildConfigurationList = 4F4B18EF2E3D610F00ADD5B4 /* Build configuration list for PBXNativeTarget "AppClip" */;
			buildPhases = (
				4F4B18C12E3D610D00ADD5B4 /* Sources */,
				4F4B18C22E3D610D00ADD5B4 /* Frameworks */,
				4F4B18C32E3D610D00ADD5B4 /* Resources */,
			);
			buildRules = (
			);
			dependencies = (
			);
			fileSystemSynchronizedGroups = (
				4F4B18C62E3D610D00ADD5B4 /* AppClip */,
			);
			name = AppClip;
			packageProductDependencies = (
			);
			productName = AppClip;
			productReference = 4F4B18C52E3D610D00ADD5B4 /* AppClip.app */;
			productType = "com.apple.product-type.application.on-demand-install-capable";
		};
		4F4B18D22E3D610F00ADD5B4 /* AppClipTests */ = {
			isa = PBXNativeTarget;
			buildConfigurationList = 4F4B18F12E3D610F00ADD5B4 /* Build configuration list for PBXNativeTarget "AppClipTests" */;
			buildPhases = (
				4F4B18CF2E3D610F00ADD5B4 /* Sources */,
				4F4B18D02E3D610F00ADD5B4 /* Frameworks */,
				4F4B18D12E3D610F00ADD5B4 /* Resources */,
			);
			buildRules = (
			);
			dependencies = (
				4F4B18D52E3D610F00ADD5B4 /* PBXTargetDependency */,
			);
			fileSystemSynchronizedGroups = (
				4F4B18D62E3D610F00ADD5B4 /* AppClipTests */,
			);
			name = AppClipTests;
			packageProductDependencies = (
			);
			productName = AppClipTests;
			productReference = 4F4B18D32E3D610F00ADD5B4 /* AppClipTests.xctest */;
			productType = "com.apple.product-type.bundle.unit-test";
		};
		4F4B18DC2E3D610F00ADD5B4 /* AppClipUITests */ = {
			isa = PBXNativeTarget;
			buildConfigurationList = 4F4B18F22E3D610F00ADD5B4 /* Build configuration list for PBXNativeTarget "AppClipUITests" */;
			buildPhases = (
				4F4B18D92E3D610F00ADD5B4 /* Sources */,
				4F4B18DA2E3D610F00ADD5B4 /* Frameworks */,
				4F4B18DB2E3D610F00ADD5B4 /* Resources */,
			);
			buildRules = (
			);
			dependencies = (
				4F4B18DF2E3D610F00ADD5B4 /* PBXTargetDependency */,
			);
			fileSystemSynchronizedGroups = (
				4F4B18E02E3D610F00ADD5B4 /* AppClipUITests */,
			);
			name = AppClipUITests;
			packageProductDependencies = (
			);
			productName = AppClipUITests;
			productReference = 4F4B18DD2E3D610F00ADD5B4 /* AppClipUITests.xctest */;
			productType = "com.apple.product-type.bundle.ui-testing";
		};
		4FA205942DA40CAF004C8CC4 /* SITIENS */ = {
			isa = PBXNativeTarget;
			buildConfigurationList = 4FA205B92DA40CB1004C8CC4 /* Build configuration list for PBXNativeTarget "SITIENS" */;
			buildPhases = (
				4FA205912DA40CAF004C8CC4 /* Sources */,
				4FA205922DA40CAF004C8CC4 /* Frameworks */,
				4FA205932DA40CAF004C8CC4 /* Resources */,
				4F4B18E82E3D610F00ADD5B4 /* Embed App Clips */,
			);
			buildRules = (
				4F7E7ACB2E3D19CD009073D6 /* PBXBuildRule */,
			);
			dependencies = (
				4F4B18E62E3D610F00ADD5B4 /* PBXTargetDependency */,
			);
			fileSystemSynchronizedGroups = (
				4FA205972DA40CAF004C8CC4 /* SITIENS */,
			);
			name = SITIENS;
			packageProductDependencies = (
			);
			productName = SITIENS;
			productReference = 4FA205952DA40CAF004C8CC4 /* SITIENS.app */;
			productType = "com.apple.product-type.application";
		};
		4FA205A42DA40CB1004C8CC4 /* SITIENSTests */ = {
			isa = PBXNativeTarget;
			buildConfigurationList = 4FA205BC2DA40CB1004C8CC4 /* Build configuration list for PBXNativeTarget "SITIENSTests" */;
			buildPhases = (
				4FA205A12DA40CB1004C8CC4 /* Sources */,
				4FA205A22DA40CB1004C8CC4 /* Frameworks */,
				4FA205A32DA40CB1004C8CC4 /* Resources */,
			);
			buildRules = (
			);
			dependencies = (
				4FA205A72DA40CB1004C8CC4 /* PBXTargetDependency */,
			);
			fileSystemSynchronizedGroups = (
				4FA205A82DA40CB1004C8CC4 /* SITIENSTests */,
			);
			name = SITIENSTests;
			packageProductDependencies = (
			);
			productName = SITIENSTests;
			productReference = 4FA205A52DA40CB1004C8CC4 /* SITIENSTests.xctest */;
			productType = "com.apple.product-type.bundle.unit-test";
		};
		4FA205AE2DA40CB1004C8CC4 /* SITIENSUITests */ = {
			isa = PBXNativeTarget;
			buildConfigurationList = 4FA205BF2DA40CB1004C8CC4 /* Build configuration list for PBXNativeTarget "SITIENSUITests" */;
			buildPhases = (
				4FA205AB2DA40CB1004C8CC4 /* Sources */,
				4FA205AC2DA40CB1004C8CC4 /* Frameworks */,
				4FA205AD2DA40CB1004C8CC4 /* Resources */,
			);
			buildRules = (
			);
			dependencies = (
				4FA205B12DA40CB1004C8CC4 /* PBXTargetDependency */,
			);
			fileSystemSynchronizedGroups = (
				4FA205B22DA40CB1004C8CC4 /* SITIENSUITests */,
			);
			name = SITIENSUITests;
			packageProductDependencies = (
			);
			productName = SITIENSUITests;
			productReference = 4FA205AF2DA40CB1004C8CC4 /* SITIENSUITests.xctest */;
			productType = "com.apple.product-type.bundle.ui-testing";
		};
/* End PBXNativeTarget section */

/* Begin PBXProject section */
		4FA2058D2DA40CAF004C8CC4 /* Project object */ = {
			isa = PBXProject;
			attributes = {
				BuildIndependentTargetsInParallel = 1;
				LastSwiftUpdateCheck = 1640;
				LastUpgradeCheck = 1630;
				TargetAttributes = {
					4F4B18C42E3D610D00ADD5B4 = {
						CreatedOnToolsVersion = 16.4;
					};
					4F4B18D22E3D610F00ADD5B4 = {
						CreatedOnToolsVersion = 16.4;
						TestTargetID = 4F4B18C42E3D610D00ADD5B4;
					};
					4F4B18DC2E3D610F00ADD5B4 = {
						CreatedOnToolsVersion = 16.4;
						TestTargetID = 4F4B18C42E3D610D00ADD5B4;
					};
					4FA205942DA40CAF004C8CC4 = {
						CreatedOnToolsVersion = 16.2;
					};
					4FA205A42DA40CB1004C8CC4 = {
						CreatedOnToolsVersion = 16.2;
						TestTargetID = 4FA205942DA40CAF004C8CC4;
					};
					4FA205AE2DA40CB1004C8CC4 = {
						CreatedOnToolsVersion = 16.2;
						TestTargetID = 4FA205942DA40CAF004C8CC4;
					};
				};
			};
			buildConfigurationList = 4FA205902DA40CAF004C8CC4 /* Build configuration list for PBXProject "SITIENS" */;
			developmentRegion = fr;
			hasScannedForEncodings = 0;
			knownRegions = (
				en,
				Base,
				fr,
			);
			mainGroup = 4FA2058C2DA40CAF004C8CC4;
			minimizedProjectReferenceProxies = 1;
			preferredProjectObjectVersion = 77;
			productRefGroup = 4FA205962DA40CAF004C8CC4 /* Products */;
			projectDirPath = "";
			projectRoot = "";
			targets = (
				4FA205942DA40CAF004C8CC4 /* SITIENS */,
				4FA205A42DA40CB1004C8CC4 /* SITIENSTests */,
				4FA205AE2DA40CB1004C8CC4 /* SITIENSUITests */,
				4F4B18C42E3D610D00ADD5B4 /* AppClip */,
				4F4B18D22E3D610F00ADD5B4 /* AppClipTests */,
				4F4B18DC2E3D610F00ADD5B4 /* AppClipUITests */,
			);
		};
/* End PBXProject section */

/* Begin PBXResourcesBuildPhase section */
		4F4B18C32E3D610D00ADD5B4 /* Resources */ = {
			isa = PBXResourcesBuildPhase;
			buildActionMask = 2147483647;
			files = (
			);
			runOnlyForDeploymentPostprocessing = 0;
		};
		4F4B18D12E3D610F00ADD5B4 /* Resources */ = {
			isa = PBXResourcesBuildPhase;
			buildActionMask = 2147483647;
			files = (
			);
			runOnlyForDeploymentPostprocessing = 0;
		};
		4F4B18DB2E3D610F00ADD5B4 /* Resources */ = {
			isa = PBXResourcesBuildPhase;
			buildActionMask = 2147483647;
			files = (
			);
			runOnlyForDeploymentPostprocessing = 0;
		};
		4FA205932DA40CAF004C8CC4 /* Resources */ = {
			isa = PBXResourcesBuildPhase;
			buildActionMask = 2147483647;
			files = (
			);
			runOnlyForDeploymentPostprocessing = 0;
		};
		4FA205A32DA40CB1004C8CC4 /* Resources */ = {
			isa = PBXResourcesBuildPhase;
			buildActionMask = 2147483647;
			files = (
			);
			runOnlyForDeploymentPostprocessing = 0;
		};
		4FA205AD2DA40CB1004C8CC4 /* Resources */ = {
			isa = PBXResourcesBuildPhase;
			buildActionMask = 2147483647;
			files = (
			);
			runOnlyForDeploymentPostprocessing = 0;
		};
/* End PBXResourcesBuildPhase section */

/* Begin PBXSourcesBuildPhase section */
		4F4B18C12E3D610D00ADD5B4 /* Sources */ = {
			isa = PBXSourcesBuildPhase;
			buildActionMask = 2147483647;
			files = (
			);
			runOnlyForDeploymentPostprocessing = 0;
		};
		4F4B18CF2E3D610F00ADD5B4 /* Sources */ = {
			isa = PBXSourcesBuildPhase;
			buildActionMask = 2147483647;
			files = (
			);
			runOnlyForDeploymentPostprocessing = 0;
		};
		4F4B18D92E3D610F00ADD5B4 /* Sources */ = {
			isa = PBXSourcesBuildPhase;
			buildActionMask = 2147483647;
			files = (
			);
			runOnlyForDeploymentPostprocessing = 0;
		};
		4FA205912DA40CAF004C8CC4 /* Sources */ = {
			isa = PBXSourcesBuildPhase;
			buildActionMask = 2147483647;
			files = (
			);
			runOnlyForDeploymentPostprocessing = 0;
		};
		4FA205A12DA40CB1004C8CC4 /* Sources */ = {
			isa = PBXSourcesBuildPhase;
			buildActionMask = 2147483647;
			files = (
			);
			runOnlyForDeploymentPostprocessing = 0;
		};
		4FA205AB2DA40CB1004C8CC4 /* Sources */ = {
			isa = PBXSourcesBuildPhase;
			buildActionMask = 2147483647;
			files = (
			);
			runOnlyForDeploymentPostprocessing = 0;
		};
/* End PBXSourcesBuildPhase section */

/* Begin PBXTargetDependency section */
		4F4B18D52E3D610F00ADD5B4 /* PBXTargetDependency */ = {
			isa = PBXTargetDependency;
			target = 4F4B18C42E3D610D00ADD5B4 /* AppClip */;
			targetProxy = 4F4B18D42E3D610F00ADD5B4 /* PBXContainerItemProxy */;
		};
		4F4B18DF2E3D610F00ADD5B4 /* PBXTargetDependency */ = {
			isa = PBXTargetDependency;
			target = 4F4B18C42E3D610D00ADD5B4 /* AppClip */;
			targetProxy = 4F4B18DE2E3D610F00ADD5B4 /* PBXContainerItemProxy */;
		};
		4F4B18E62E3D610F00ADD5B4 /* PBXTargetDependency */ = {
			isa = PBXTargetDependency;
			target = 4F4B18C42E3D610D00ADD5B4 /* AppClip */;
			targetProxy = 4F4B18E52E3D610F00ADD5B4 /* PBXContainerItemProxy */;
		};
		4FA205A72DA40CB1004C8CC4 /* PBXTargetDependency */ = {
			isa = PBXTargetDependency;
			target = 4FA205942DA40CAF004C8CC4 /* SITIENS */;
			targetProxy = 4FA205A62DA40CB1004C8CC4 /* PBXContainerItemProxy */;
		};
		4FA205B12DA40CB1004C8CC4 /* PBXTargetDependency */ = {
			isa = PBXTargetDependency;
			target = 4FA205942DA40CAF004C8CC4 /* SITIENS */;
			targetProxy = 4FA205B02DA40CB1004C8CC4 /* PBXContainerItemProxy */;
		};
/* End PBXTargetDependency section */

/* Begin XCBuildConfiguration section */
		4F4B18E92E3D610F00ADD5B4 /* Debug */ = {
			isa = XCBuildConfiguration;
			buildSettings = {
				ASSETCATALOG_COMPILER_APPICON_NAME = AppIcon;
				ASSETCATALOG_COMPILER_GLOBAL_ACCENT_COLOR_NAME = AccentColor;
				CODE_SIGN_ENTITLEMENTS = AppClip/AppClip.entitlements;
				CODE_SIGN_IDENTITY = "Apple Development";
				CODE_SIGN_STYLE = Automatic;
				CURRENT_PROJECT_VERSION = 1;
				DEVELOPMENT_ASSET_PATHS = AppClip/Assets.xcassets;
				DEVELOPMENT_TEAM = 99UMC25BBL;
				ENABLE_PREVIEWS = YES;
				GENERATE_INFOPLIST_FILE = YES;
				INFOPLIST_FILE = AppClip/Info.plist;
				INFOPLIST_KEY_CFBundleDisplayName = SITIENS;
				INFOPLIST_KEY_UIApplicationSceneManifest_Generation = YES;
				INFOPLIST_KEY_UIApplicationSupportsIndirectInputEvents = YES;
				INFOPLIST_KEY_UISupportedInterfaceOrientations_iPad = "UIInterfaceOrientationPortrait UIInterfaceOrientationPortraitUpsideDown UIInterfaceOrientationLandscapeLeft UIInterfaceOrientationLandscapeRight";
				INFOPLIST_KEY_UISupportedInterfaceOrientations_iPhone = "UIInterfaceOrientationPortrait UIInterfaceOrientationLandscapeLeft UIInterfaceOrientationLandscapeRight";
				IPHONEOS_DEPLOYMENT_TARGET = 18.5;
				LD_RUNPATH_SEARCH_PATHS = (
					"$(inherited)",
					"@executable_path/Frameworks",
				);
				MARKETING_VERSION = 1.4;
				PRODUCT_BUNDLE_IDENTIFIER = SITIENS.SITIENS.Clip;
				PRODUCT_NAME = "$(TARGET_NAME)";
				SWIFT_EMIT_LOC_STRINGS = YES;
				SWIFT_VERSION = 5.0;
				TARGETED_DEVICE_FAMILY = "1,2";
			};
			name = Debug;
		};
		4F4B18EA2E3D610F00ADD5B4 /* Release */ = {
			isa = XCBuildConfiguration;
			buildSettings = {
				ASSETCATALOG_COMPILER_APPICON_NAME = AppIcon;
				ASSETCATALOG_COMPILER_GLOBAL_ACCENT_COLOR_NAME = AccentColor;
				CODE_SIGN_ENTITLEMENTS = AppClip/AppClip.entitlements;
				CODE_SIGN_IDENTITY = "Apple Development";
				CODE_SIGN_STYLE = Automatic;
				CURRENT_PROJECT_VERSION = 1;
				DEVELOPMENT_ASSET_PATHS = AppClip/Assets.xcassets;
				DEVELOPMENT_TEAM = 99UMC25BBL;
				ENABLE_PREVIEWS = YES;
				GENERATE_INFOPLIST_FILE = YES;
				INFOPLIST_FILE = AppClip/Info.plist;
				INFOPLIST_KEY_CFBundleDisplayName = SITIENS;
				INFOPLIST_KEY_UIApplicationSceneManifest_Generation = YES;
				INFOPLIST_KEY_UIApplicationSupportsIndirectInputEvents = YES;
				INFOPLIST_KEY_UISupportedInterfaceOrientations_iPad = "UIInterfaceOrientationPortrait UIInterfaceOrientationPortraitUpsideDown UIInterfaceOrientationLandscapeLeft UIInterfaceOrientationLandscapeRight";
				INFOPLIST_KEY_UISupportedInterfaceOrientations_iPhone = "UIInterfaceOrientationPortrait UIInterfaceOrientationLandscapeLeft UIInterfaceOrientationLandscapeRight";
				IPHONEOS_DEPLOYMENT_TARGET = 18.5;
				LD_RUNPATH_SEARCH_PATHS = (
					"$(inherited)",
					"@executable_path/Frameworks",
				);
				MARKETING_VERSION = 1.4;
				PRODUCT_BUNDLE_IDENTIFIER = SITIENS.SITIENS.Clip;
				PRODUCT_NAME = "$(TARGET_NAME)";
				SWIFT_EMIT_LOC_STRINGS = YES;
				SWIFT_VERSION = 5.0;
				TARGETED_DEVICE_FAMILY = "1,2";
			};
			name = Release;
		};
		4F4B18EB2E3D610F00ADD5B4 /* Debug */ = {
			isa = XCBuildConfiguration;
			buildSettings = {
				BUNDLE_LOADER = "$(TEST_HOST)";
				CODE_SIGN_STYLE = Automatic;
				CURRENT_PROJECT_VERSION = 1;
				DEVELOPMENT_TEAM = 99UMC25BBL;
				GENERATE_INFOPLIST_FILE = YES;
				IPHONEOS_DEPLOYMENT_TARGET = 18.5;
				MARKETING_VERSION = 1.0;
				PRODUCT_BUNDLE_IDENTIFIER = SITIENS.SITIENS.AppClipTests;
				PRODUCT_NAME = "$(TARGET_NAME)";
				SWIFT_EMIT_LOC_STRINGS = NO;
				SWIFT_VERSION = 5.0;
				TARGETED_DEVICE_FAMILY = "1,2";
				TEST_HOST = "$(BUILT_PRODUCTS_DIR)/AppClip.app/$(BUNDLE_EXECUTABLE_FOLDER_PATH)/AppClip";
			};
			name = Debug;
		};
		4F4B18EC2E3D610F00ADD5B4 /* Release */ = {
			isa = XCBuildConfiguration;
			buildSettings = {
				BUNDLE_LOADER = "$(TEST_HOST)";
				CODE_SIGN_STYLE = Automatic;
				CURRENT_PROJECT_VERSION = 1;
				DEVELOPMENT_TEAM = 99UMC25BBL;
				GENERATE_INFOPLIST_FILE = YES;
				IPHONEOS_DEPLOYMENT_TARGET = 18.5;
				MARKETING_VERSION = 1.0;
				PRODUCT_BUNDLE_IDENTIFIER = SITIENS.SITIENS.AppClipTests;
				PRODUCT_NAME = "$(TARGET_NAME)";
				SWIFT_EMIT_LOC_STRINGS = NO;
				SWIFT_VERSION = 5.0;
				TARGETED_DEVICE_FAMILY = "1,2";
				TEST_HOST = "$(BUILT_PRODUCTS_DIR)/AppClip.app/$(BUNDLE_EXECUTABLE_FOLDER_PATH)/AppClip";
			};
			name = Release;
		};
		4F4B18ED2E3D610F00ADD5B4 /* Debug */ = {
			isa = XCBuildConfiguration;
			buildSettings = {
				CODE_SIGN_STYLE = Automatic;
				CURRENT_PROJECT_VERSION = 1;
				DEVELOPMENT_TEAM = 99UMC25BBL;
				GENERATE_INFOPLIST_FILE = YES;
				IPHONEOS_DEPLOYMENT_TARGET = 18.5;
				MARKETING_VERSION = 1.0;
				PRODUCT_BUNDLE_IDENTIFIER = SITIENS.SITIENS.AppClipUITests;
				PRODUCT_NAME = "$(TARGET_NAME)";
				SWIFT_EMIT_LOC_STRINGS = NO;
				SWIFT_VERSION = 5.0;
				TARGETED_DEVICE_FAMILY = "1,2";
				TEST_TARGET_NAME = AppClip;
			};
			name = Debug;
		};
		4F4B18EE2E3D610F00ADD5B4 /* Release */ = {
			isa = XCBuildConfiguration;
			buildSettings = {
				CODE_SIGN_STYLE = Automatic;
				CURRENT_PROJECT_VERSION = 1;
				DEVELOPMENT_TEAM = 99UMC25BBL;
				GENERATE_INFOPLIST_FILE = YES;
				IPHONEOS_DEPLOYMENT_TARGET = 18.5;
				MARKETING_VERSION = 1.0;
				PRODUCT_BUNDLE_IDENTIFIER = SITIENS.SITIENS.AppClipUITests;
				PRODUCT_NAME = "$(TARGET_NAME)";
				SWIFT_EMIT_LOC_STRINGS = NO;
				SWIFT_VERSION = 5.0;
				TARGETED_DEVICE_FAMILY = "1,2";
				TEST_TARGET_NAME = AppClip;
			};
			name = Release;
		};
		4FA205B72DA40CB1004C8CC4 /* Debug */ = {
			isa = XCBuildConfiguration;
			buildSettings = {
				ALWAYS_SEARCH_USER_PATHS = NO;
				ASSETCATALOG_COMPILER_GENERATE_SWIFT_ASSET_SYMBOL_EXTENSIONS = YES;
				CLANG_ANALYZER_NONNULL = YES;
				CLANG_ANALYZER_NUMBER_OBJECT_CONVERSION = YES_AGGRESSIVE;
				CLANG_CXX_LANGUAGE_STANDARD = "gnu++20";
				CLANG_ENABLE_MODULES = YES;
				CLANG_ENABLE_OBJC_ARC = YES;
				CLANG_ENABLE_OBJC_WEAK = YES;
				CLANG_WARN_BLOCK_CAPTURE_AUTORELEASING = YES;
				CLANG_WARN_BOOL_CONVERSION = YES;
				CLANG_WARN_COMMA = YES;
				CLANG_WARN_CONSTANT_CONVERSION = YES;
				CLANG_WARN_DEPRECATED_OBJC_IMPLEMENTATIONS = YES;
				CLANG_WARN_DIRECT_OBJC_ISA_USAGE = YES_ERROR;
				CLANG_WARN_DOCUMENTATION_COMMENTS = YES;
				CLANG_WARN_EMPTY_BODY = YES;
				CLANG_WARN_ENUM_CONVERSION = YES;
				CLANG_WARN_INFINITE_RECURSION = YES;
				CLANG_WARN_INT_CONVERSION = YES;
				CLANG_WARN_NON_LITERAL_NULL_CONVERSION = YES;
				CLANG_WARN_OBJC_IMPLICIT_RETAIN_SELF = YES;
				CLANG_WARN_OBJC_LITERAL_CONVERSION = YES;
				CLANG_WARN_OBJC_ROOT_CLASS = YES_ERROR;
				CLANG_WARN_QUOTED_INCLUDE_IN_FRAMEWORK_HEADER = YES;
				CLANG_WARN_RANGE_LOOP_ANALYSIS = YES;
				CLANG_WARN_STRICT_PROTOTYPES = YES;
				CLANG_WARN_SUSPICIOUS_MOVE = YES;
				CLANG_WARN_UNGUARDED_AVAILABILITY = YES_AGGRESSIVE;
				CLANG_WARN_UNREACHABLE_CODE = YES;
				CLANG_WARN__DUPLICATE_METHOD_MATCH = YES;
				COPY_PHASE_STRIP = NO;
				DEBUG_INFORMATION_FORMAT = dwarf;
				DEVELOPMENT_TEAM = 99UMC25BBL;
				ENABLE_STRICT_OBJC_MSGSEND = YES;
				ENABLE_TESTABILITY = YES;
				ENABLE_USER_SCRIPT_SANDBOXING = YES;
				GCC_C_LANGUAGE_STANDARD = gnu17;
				GCC_DYNAMIC_NO_PIC = NO;
				GCC_NO_COMMON_BLOCKS = YES;
				GCC_OPTIMIZATION_LEVEL = 0;
				GCC_PREPROCESSOR_DEFINITIONS = (
					"DEBUG=1",
					"$(inherited)",
				);
				GCC_WARN_64_TO_32_BIT_CONVERSION = YES;
				GCC_WARN_ABOUT_RETURN_TYPE = YES_ERROR;
				GCC_WARN_UNDECLARED_SELECTOR = YES;
				GCC_WARN_UNINITIALIZED_AUTOS = YES_AGGRESSIVE;
				GCC_WARN_UNUSED_FUNCTION = YES;
				GCC_WARN_UNUSED_VARIABLE = YES;
				IPHONEOS_DEPLOYMENT_TARGET = 18.2;
				LOCALIZATION_PREFERS_STRING_CATALOGS = YES;
				MTL_ENABLE_DEBUG_INFO = INCLUDE_SOURCE;
				MTL_FAST_MATH = YES;
				ONLY_ACTIVE_ARCH = YES;
				SDKROOT = iphoneos;
				SWIFT_ACTIVE_COMPILATION_CONDITIONS = "DEBUG $(inherited)";
				SWIFT_OPTIMIZATION_LEVEL = "-Onone";
			};
			name = Debug;
		};
		4FA205B82DA40CB1004C8CC4 /* Release */ = {
			isa = XCBuildConfiguration;
			buildSettings = {
				ALWAYS_SEARCH_USER_PATHS = NO;
				ASSETCATALOG_COMPILER_GENERATE_SWIFT_ASSET_SYMBOL_EXTENSIONS = YES;
				CLANG_ANALYZER_NONNULL = YES;
				CLANG_ANALYZER_NUMBER_OBJECT_CONVERSION = YES_AGGRESSIVE;
				CLANG_CXX_LANGUAGE_STANDARD = "gnu++20";
				CLANG_ENABLE_MODULES = YES;
				CLANG_ENABLE_OBJC_ARC = YES;
				CLANG_ENABLE_OBJC_WEAK = YES;
				CLANG_WARN_BLOCK_CAPTURE_AUTORELEASING = YES;
				CLANG_WARN_BOOL_CONVERSION = YES;
				CLANG_WARN_COMMA = YES;
				CLANG_WARN_CONSTANT_CONVERSION = YES;
				CLANG_WARN_DEPRECATED_OBJC_IMPLEMENTATIONS = YES;
				CLANG_WARN_DIRECT_OBJC_ISA_USAGE = YES_ERROR;
				CLANG_WARN_DOCUMENTATION_COMMENTS = YES;
				CLANG_WARN_EMPTY_BODY = YES;
				CLANG_WARN_ENUM_CONVERSION = YES;
				CLANG_WARN_INFINITE_RECURSION = YES;
				CLANG_WARN_INT_CONVERSION = YES;
				CLANG_WARN_NON_LITERAL_NULL_CONVERSION = YES;
				CLANG_WARN_OBJC_IMPLICIT_RETAIN_SELF = YES;
				CLANG_WARN_OBJC_LITERAL_CONVERSION = YES;
				CLANG_WARN_OBJC_ROOT_CLASS = YES_ERROR;
				CLANG_WARN_QUOTED_INCLUDE_IN_FRAMEWORK_HEADER = YES;
				CLANG_WARN_RANGE_LOOP_ANALYSIS = YES;
				CLANG_WARN_STRICT_PROTOTYPES = YES;
				CLANG_WARN_SUSPICIOUS_MOVE = YES;
				CLANG_WARN_UNGUARDED_AVAILABILITY = YES_AGGRESSIVE;
				CLANG_WARN_UNREACHABLE_CODE = YES;
				CLANG_WARN__DUPLICATE_METHOD_MATCH = YES;
				COPY_PHASE_STRIP = NO;
				DEBUG_INFORMATION_FORMAT = "dwarf-with-dsym";
				DEVELOPMENT_TEAM = 99UMC25BBL;
				ENABLE_NS_ASSERTIONS = NO;
				ENABLE_STRICT_OBJC_MSGSEND = YES;
				ENABLE_USER_SCRIPT_SANDBOXING = YES;
				GCC_C_LANGUAGE_STANDARD = gnu17;
				GCC_NO_COMMON_BLOCKS = YES;
				GCC_WARN_64_TO_32_BIT_CONVERSION = YES;
				GCC_WARN_ABOUT_RETURN_TYPE = YES_ERROR;
				GCC_WARN_UNDECLARED_SELECTOR = YES;
				GCC_WARN_UNINITIALIZED_AUTOS = YES_AGGRESSIVE;
				GCC_WARN_UNUSED_FUNCTION = YES;
				GCC_WARN_UNUSED_VARIABLE = YES;
				IPHONEOS_DEPLOYMENT_TARGET = 18.2;
				LOCALIZATION_PREFERS_STRING_CATALOGS = YES;
				MTL_ENABLE_DEBUG_INFO = NO;
				MTL_FAST_MATH = YES;
				SDKROOT = iphoneos;
				SWIFT_COMPILATION_MODE = wholemodule;
				VALIDATE_PRODUCT = YES;
			};
			name = Release;
		};
		4FA205BA2DA40CB1004C8CC4 /* Debug */ = {
			isa = XCBuildConfiguration;
			buildSettings = {
				ASSETCATALOG_COMPILER_APPICON_NAME = AppIcon;
				ASSETCATALOG_COMPILER_GLOBAL_ACCENT_COLOR_NAME = AccentColor;
				ASSETCATALOG_COMPILER_INCLUDE_ALL_APPICON_ASSETS = YES;
				CODE_SIGN_ENTITLEMENTS = SITIENS/SITIENS.entitlements;
				CODE_SIGN_IDENTITY = "Apple Development";
				CODE_SIGN_STYLE = Automatic;
				CURRENT_PROJECT_VERSION = 1;
				DEVELOPMENT_ASSET_PATHS = "SITIENS/Preview\\ Content/Assets.xcassets";
				DEVELOPMENT_TEAM = 99UMC25BBL;
				ENABLE_PREVIEWS = YES;
				GENERATE_INFOPLIST_FILE = YES;
				INFOPLIST_FILE = SITIENS/Info.plist;
				INFOPLIST_KEY_LSApplicationCategoryType = "public.app-category.food-and-drink";
				INFOPLIST_KEY_UIApplicationSceneManifest_Generation = YES;
				INFOPLIST_KEY_UIApplicationSupportsIndirectInputEvents = YES;
				INFOPLIST_KEY_UISupportedInterfaceOrientations_iPad = "UIInterfaceOrientationPortrait UIInterfaceOrientationPortraitUpsideDown UIInterfaceOrientationLandscapeLeft UIInterfaceOrientationLandscapeRight";
				INFOPLIST_KEY_UISupportedInterfaceOrientations_iPhone = "UIInterfaceOrientationPortrait UIInterfaceOrientationLandscapeLeft UIInterfaceOrientationLandscapeRight";
				IPHONEOS_DEPLOYMENT_TARGET = 18.0;
				LD_RUNPATH_SEARCH_PATHS = (
					"$(inherited)",
					"@executable_path/Frameworks",
				);
				MARKETING_VERSION = 1.4;
				PRODUCT_BUNDLE_IDENTIFIER = SITIENS.SITIENS;
				PRODUCT_NAME = "$(TARGET_NAME)";
				PROVISIONING_PROFILE_SPECIFIER = "";
				SWIFT_EMIT_LOC_STRINGS = YES;
				SWIFT_VERSION = 6.0;
				TARGETED_DEVICE_FAMILY = "1,2";
			};
			name = Debug;
		};
		4FA205BB2DA40CB1004C8CC4 /* Release */ = {
			isa = XCBuildConfiguration;
			buildSettings = {
				ASSETCATALOG_COMPILER_APPICON_NAME = AppIcon;
				ASSETCATALOG_COMPILER_GLOBAL_ACCENT_COLOR_NAME = AccentColor;
				ASSETCATALOG_COMPILER_INCLUDE_ALL_APPICON_ASSETS = YES;
				CODE_SIGN_ENTITLEMENTS = SITIENS/SITIENS.entitlements;
				CODE_SIGN_IDENTITY = "Apple Development";
				CODE_SIGN_STYLE = Automatic;
				CURRENT_PROJECT_VERSION = 1;
				DEVELOPMENT_ASSET_PATHS = "SITIENS/Preview\\ Content/Assets.xcassets";
				DEVELOPMENT_TEAM = 99UMC25BBL;
				ENABLE_PREVIEWS = YES;
				GENERATE_INFOPLIST_FILE = YES;
				INFOPLIST_FILE = SITIENS/Info.plist;
				INFOPLIST_KEY_LSApplicationCategoryType = "public.app-category.food-and-drink";
				INFOPLIST_KEY_UIApplicationSceneManifest_Generation = YES;
				INFOPLIST_KEY_UIApplicationSupportsIndirectInputEvents = YES;
				INFOPLIST_KEY_UISupportedInterfaceOrientations_iPad = "UIInterfaceOrientationPortrait UIInterfaceOrientationPortraitUpsideDown UIInterfaceOrientationLandscapeLeft UIInterfaceOrientationLandscapeRight";
				INFOPLIST_KEY_UISupportedInterfaceOrientations_iPhone = "UIInterfaceOrientationPortrait UIInterfaceOrientationLandscapeLeft UIInterfaceOrientationLandscapeRight";
				IPHONEOS_DEPLOYMENT_TARGET = 18.0;
				LD_RUNPATH_SEARCH_PATHS = (
					"$(inherited)",
					"@executable_path/Frameworks",
				);
				MARKETING_VERSION = 1.4;
				PRODUCT_BUNDLE_IDENTIFIER = SITIENS.SITIENS;
				PRODUCT_NAME = "$(TARGET_NAME)";
				PROVISIONING_PROFILE_SPECIFIER = "";
				SWIFT_EMIT_LOC_STRINGS = YES;
				SWIFT_VERSION = 6.0;
				TARGETED_DEVICE_FAMILY = "1,2";
			};
			name = Release;
		};
		4FA205BD2DA40CB1004C8CC4 /* Debug */ = {
			isa = XCBuildConfiguration;
			buildSettings = {
				BUNDLE_LOADER = "$(TEST_HOST)";
				CODE_SIGN_STYLE = Automatic;
				CURRENT_PROJECT_VERSION = 1;
				GENERATE_INFOPLIST_FILE = YES;
				IPHONEOS_DEPLOYMENT_TARGET = 18.0;
				MARKETING_VERSION = 1.0;
				PRODUCT_BUNDLE_IDENTIFIER = SITIENS.SITIENSTests;
				PRODUCT_NAME = "$(TARGET_NAME)";
				SWIFT_EMIT_LOC_STRINGS = NO;
				SWIFT_VERSION = 5.0;
				TARGETED_DEVICE_FAMILY = "1,2";
				TEST_HOST = "$(BUILT_PRODUCTS_DIR)/SITIENS.app/$(BUNDLE_EXECUTABLE_FOLDER_PATH)/SITIENS";
			};
			name = Debug;
		};
		4FA205BE2DA40CB1004C8CC4 /* Release */ = {
			isa = XCBuildConfiguration;
			buildSettings = {
				BUNDLE_LOADER = "$(TEST_HOST)";
				CODE_SIGN_STYLE = Automatic;
				CURRENT_PROJECT_VERSION = 1;
				GENERATE_INFOPLIST_FILE = YES;
				IPHONEOS_DEPLOYMENT_TARGET = 18.0;
				MARKETING_VERSION = 1.0;
				PRODUCT_BUNDLE_IDENTIFIER = SITIENS.SITIENSTests;
				PRODUCT_NAME = "$(TARGET_NAME)";
				SWIFT_EMIT_LOC_STRINGS = NO;
				SWIFT_VERSION = 5.0;
				TARGETED_DEVICE_FAMILY = "1,2";
				TEST_HOST = "$(BUILT_PRODUCTS_DIR)/SITIENS.app/$(BUNDLE_EXECUTABLE_FOLDER_PATH)/SITIENS";
			};
			name = Release;
		};
		4FA205C02DA40CB1004C8CC4 /* Debug */ = {
			isa = XCBuildConfiguration;
			buildSettings = {
				CODE_SIGN_STYLE = Automatic;
				CURRENT_PROJECT_VERSION = 1;
				GENERATE_INFOPLIST_FILE = YES;
				MARKETING_VERSION = 1.0;
				PRODUCT_BUNDLE_IDENTIFIER = SITIENS.SITIENSUITests;
				PRODUCT_NAME = "$(TARGET_NAME)";
				SWIFT_EMIT_LOC_STRINGS = NO;
				SWIFT_VERSION = 5.0;
				TARGETED_DEVICE_FAMILY = "1,2";
				TEST_TARGET_NAME = SITIENS;
			};
			name = Debug;
		};
		4FA205C12DA40CB1004C8CC4 /* Release */ = {
			isa = XCBuildConfiguration;
			buildSettings = {
				CODE_SIGN_STYLE = Automatic;
				CURRENT_PROJECT_VERSION = 1;
				GENERATE_INFOPLIST_FILE = YES;
				MARKETING_VERSION = 1.0;
				PRODUCT_BUNDLE_IDENTIFIER = SITIENS.SITIENSUITests;
				PRODUCT_NAME = "$(TARGET_NAME)";
				SWIFT_EMIT_LOC_STRINGS = NO;
				SWIFT_VERSION = 5.0;
				TARGETED_DEVICE_FAMILY = "1,2";
				TEST_TARGET_NAME = SITIENS;
			};
			name = Release;
		};
/* End XCBuildConfiguration section */

/* Begin XCConfigurationList section */
		4F4B18EF2E3D610F00ADD5B4 /* Build configuration list for PBXNativeTarget "AppClip" */ = {
			isa = XCConfigurationList;
			buildConfigurations = (
				4F4B18E92E3D610F00ADD5B4 /* Debug */,
				4F4B18EA2E3D610F00ADD5B4 /* Release */,
			);
			defaultConfigurationIsVisible = 0;
			defaultConfigurationName = Release;
		};
		4F4B18F12E3D610F00ADD5B4 /* Build configuration list for PBXNativeTarget "AppClipTests" */ = {
			isa = XCConfigurationList;
			buildConfigurations = (
				4F4B18EB2E3D610F00ADD5B4 /* Debug */,
				4F4B18EC2E3D610F00ADD5B4 /* Release */,
			);
			defaultConfigurationIsVisible = 0;
			defaultConfigurationName = Release;
		};
		4F4B18F22E3D610F00ADD5B4 /* Build configuration list for PBXNativeTarget "AppClipUITests" */ = {
			isa = XCConfigurationList;
			buildConfigurations = (
				4F4B18ED2E3D610F00ADD5B4 /* Debug */,
				4F4B18EE2E3D610F00ADD5B4 /* Release */,
			);
			defaultConfigurationIsVisible = 0;
			defaultConfigurationName = Release;
		};
		4FA205902DA40CAF004C8CC4 /* Build configuration list for PBXProject "SITIENS" */ = {
			isa = XCConfigurationList;
			buildConfigurations = (
				4FA205B72DA40CB1004C8CC4 /* Debug */,
				4FA205B82DA40CB1004C8CC4 /* Release */,
			);
			defaultConfigurationIsVisible = 0;
			defaultConfigurationName = Release;
		};
		4FA205B92DA40CB1004C8CC4 /* Build configuration list for PBXNativeTarget "SITIENS" */ = {
			isa = XCConfigurationList;
			buildConfigurations = (
				4FA205BA2DA40CB1004C8CC4 /* Debug */,
				4FA205BB2DA40CB1004C8CC4 /* Release */,
			);
			defaultConfigurationIsVisible = 0;
			defaultConfigurationName = Release;
		};
		4FA205BC2DA40CB1004C8CC4 /* Build configuration list for PBXNativeTarget "SITIENSTests" */ = {
			isa = XCConfigurationList;
			buildConfigurations = (
				4FA205BD2DA40CB1004C8CC4 /* Debug */,
				4FA205BE2DA40CB1004C8CC4 /* Release */,
			);
			defaultConfigurationIsVisible = 0;
			defaultConfigurationName = Release;
		};
		4FA205BF2DA40CB1004C8CC4 /* Build configuration list for PBXNativeTarget "SITIENSUITests" */ = {
			isa = XCConfigurationList;
			buildConfigurations = (
				4FA205C02DA40CB1004C8CC4 /* Debug */,
				4FA205C12DA40CB1004C8CC4 /* Release */,
			);
			defaultConfigurationIsVisible = 0;
			defaultConfigurationName = Release;
		};
/* End XCConfigurationList section */
	};
	rootObject = 4FA2058D2DA40CAF004C8CC4 /* Project object */;
}
